annotated-types==0.8.0
anyio==4.15.1
certifi==2026.7.22
deprecation==2.1.0
h11==0.16.0
h2==4.4.1
hpack==4.2.0
httpcore==1.0.9
httpx==0.28.1
hyperframe==6.1.0
idna==3.20
jaraco.classes==3.4.0
jaraco.context==6.1.2
jaraco.functools==4.6.0
keyring==25.7.0
more-itertools==11.1.0
multidict==7.0.0
postgrest==2.32.0
propcache==0.5.4
pydantic==2.14.0
pydantic_core==2.50.0
PyJWT==2.15.1
realtime==2.32.0
storage3==2.32.0
StrEnum==0.4.15
supabase==2.32.0
supabase-auth==2.32.0
supabase-functions==2.32.0
typing-inspection==0.4.4
typing_extensions==4.16.0
websockets==15.0.1
yarl==1.25.1
